// !$*UTF8*$!
{
	archiveVersion = 1;
	classes = {
	};
	objectVersion = 55;
	objects = {

/* Begin PBXBuildFile section */
		06A0CEA629071FDD00DF40FE /* notetakingApp.swift in Sources */ = {isa = PBXBuildFile; fileRef = 06A0CEA529071FDD00DF40FE /* notetakingApp.swift */; };
		06A0CEA829071FDD00DF40FE /* ContentView.swift in Sources */ = {isa = PBXBuildFile; fileRef = 06A0CEA729071FDD00DF40FE /* ContentView.swift */; };
		06A0CEAA29071FDE00DF40FE /* Assets.xcassets in Resources */ = {isa = PBXBuildFile; fileRef = 06A0CEA929071FDE00DF40FE /* Assets.xcassets */; };
		06A0CEAD29071FDE00DF40FE /* Preview Assets.xcassets in Resources */ = {isa = PBXBuildFile; fileRef = 06A0CEAC29071FDE00DF40FE /* Preview Assets.xcassets */; };
		06A0CEAF29071FDE00DF40FE /* Persistence.swift in Sources */ = {isa = PBXBuildFile; fileRef = 06A0CEAE29071FDE00DF40FE /* Persistence.swift */; };
		06A0CEB229071FDE00DF40FE /* notetaking.xcdatamodeld in Sources */ = {isa = PBXBuildFile; fileRef = 06A0CEB029071FDE00DF40FE /* notetaking.xcdatamodeld */; };
		06D228222929728C0033EABE /* Localizable.strings in Resources */ = {isa = PBXBuildFile; fileRef = 06D228242929728C0033EABE /* Localizable.strings */; };
/* End PBXBuildFile section */

/* Begin PBXFileReference section */
		06A0CEA229071FDC00DF40FE /* notetaking.app */ = {isa = PBXFileReference; explicitFileType = wrapper.application; includeInIndex = 0; path = notetaking.app; sourceTree = BUILT_PRODUCTS_DIR; };
		06A0CEA529071FDD00DF40FE /* notetakingApp.swift */ = {isa = PBXFileReference; lastKnownFileType = sourcecode.swift; path = notetakingApp.swift; sourceTree = "<group>"; };
		06A0CEA729071FDD00DF40FE /* ContentView.swift */ = {isa = PBXFileReference; lastKnownFileType = sourcecode.swift; path = ContentView.swift; sourceTree = "<group>"; };
		06A0CEA929071FDE00DF40FE /* Assets.xcassets */ = {isa = PBXFileReference; lastKnownFileType = folder.assetcatalog; path = Assets.xcassets; sourceTree = "<group>"; };
		06A0CEAC29071FDE00DF40FE /* Preview Assets.xcassets */ = {isa = PBXFileReference; lastKnownFileType = folder.assetcatalog; path = "Preview Assets.xcassets"; sourceTree = "<group>"; };
		06A0CEAE29071FDE00DF40FE /* Persistence.swift */ = {isa = PBXFileReference; lastKnownFileType = sourcecode.swift; path = Persistence.swift; sourceTree = "<group>"; };
		06A0CEB129071FDE00DF40FE /* notetaking.xcdatamodel */ = {isa = PBXFileReference; lastKnownFileType = wrapper.xcdatamodel; path = notetaking.xcdatamodel; sourceTree = "<group>"; };
		06A0CEB329071FDE00DF40FE /* notetaking.entitlements */ = {isa = PBXFileReference; lastKnownFileType = text.plist.entitlements; path = notetaking.entitlements; sourceTree = "<group>"; };
		06D228232929728C0033EABE /* en */ = {isa = PBXFileReference; lastKnownFileType = text.plist.strings; name = en; path = en.lproj/Localizable.strings; sourceTree = "<group>"; };
		06D22825292972940033EABE /* zh-Hans */ = {isa = PBXFileReference; lastKnownFileType = text.plist.strings; name = "zh-Hans"; path = "zh-Hans.lproj/Localizable.strings"; sourceTree = "<group>"; };
/* End PBXFileReference section */

/* Begin PBXFrameworksBuildPhase section */
		06A0CE9F29071FDC00DF40FE /* Frameworks */ = {
			isa = PBXFrameworksBuildPhase;
			buildActionMask = 2147483647;
			files = (
			);
			runOnlyForDeploymentPostprocessing = 0;
		};
/* End PBXFrameworksBuildPhase section */

/* Begin PBXGroup section */
		06A0CE9929071FDC00DF40FE = {
			isa = PBXGroup;
			children = (
				06D228242929728C0033EABE /* Localizable.strings */,
				06A0CEA429071FDC00DF40FE /* notetaking */,
				06A0CEA329071FDC00DF40FE /* Products */,
			);
			sourceTree = "<group>";
		};
		06A0CEA329071FDC00DF40FE /* Products */ = {
			isa = PBXGroup;
			children = (
				06A0CEA229071FDC00DF40FE /* notetaking.app */,
			);
			name = Products;
			sourceTree = "<group>";
		};
		06A0CEA429071FDC00DF40FE /* notetaking */ = {
			isa = PBXGroup;
			children = (
				06A0CEA529071FDD00DF40FE /* notetakingApp.swift */,
				06A0CEA729071FDD00DF40FE /* ContentView.swift */,
				06A0CEA929071FDE00DF40FE /* Assets.xcassets */,
				06A0CEAE29071FDE00DF40FE /* Persistence.swift */,
				06A0CEB329071FDE00DF40FE /* notetaking.entitlements */,
				06A0CEB029071FDE00DF40FE /* notetaking.xcdatamodeld */,
				06A0CEAB29071FDE00DF40FE /* Preview Content */,
			);
			path = notetaking;
			sourceTree = "<group>";
		};
		06A0CEAB29071FDE00DF40FE /* Preview Content */ = {
			isa = PBXGroup;
			children = (
				06A0CEAC29071FDE00DF40FE /* Preview Assets.xcassets */,
			);
			path = "Preview Content";
			sourceTree = "<group>";
		};
/* End PBXGroup section */

/* Begin PBXNativeTarget section */
		06A0CEA129071FDC00DF40FE /* notetaking */ = {
			isa = PBXNativeTarget;
			buildConfigurationList = 06A0CEB629071FDE00DF40FE /* Build configuration list for PBXNativeTarget "notetaking" */;
			buildPhases = (
				06A0CE9E29071FDC00DF40FE /* Sources */,
				06A0CE9F29071FDC00DF40FE /* Frameworks */,
				06A0CEA029071FDC00DF40FE /* Resources */,
			);
			buildRules = (
			);
			dependencies = (
			);
			name = notetaking;
			productName = notetaking;
			productReference = 06A0CEA229071FDC00DF40FE /* notetaking.app */;
			productType = "com.apple.product-type.application";
		};
/* End PBXNativeTarget section */

/* Begin PBXProject section */
		06A0CE9A29071FDC00DF40FE /* Project object */ = {
			isa = PBXProject;
			attributes = {
				BuildIndependentTargetsInParallel = 1;
				LastSwiftUpdateCheck = 1340;
				LastUpgradeCheck = 1420;
				TargetAttributes = {
					06A0CEA129071FDC00DF40FE = {
						CreatedOnToolsVersion = 13.4.1;
					};
				};
			};
			buildConfigurationList = 06A0CE9D29071FDC00DF40FE /* Build configuration list for PBXProject "notetaking" */;
			compatibilityVersion = "Xcode 13.0";
			developmentRegion = en;
			hasScannedForEncodings = 0;
			knownRegions = (
				en,
				Base,
				"zh-Hans",
			);
			mainGroup = 06A0CE9929071FDC00DF40FE;
			productRefGroup = 06A0CEA329071FDC00DF40FE /* Products */;
			projectDirPath = "";
			projectRoot = "";
			targets = (
				06A0CEA129071FDC00DF40FE /* notetaking */,
			);
		};
/* End PBXProject section */

/* Begin PBXResourcesBuildPhase section */
		06A0CEA029071FDC00DF40FE /* Resources */ = {
			isa = PBXResourcesBuildPhase;
			buildActionMask = 2147483647;
			files = (
				06A0CEAD29071FDE00DF40FE /* Preview Assets.xcassets in Resources */,
				06D228222929728C0033EABE /* Localizable.strings in Resources */,
				06A0CEAA29071FDE00DF40FE /* Assets.xcassets in Resources */,
			);
			runOnlyForDeploymentPostprocessing = 0;
		};
/* End PBXResourcesBuildPhase section */

/* Begin PBXSourcesBuildPhase section */
		06A0CE9E29071FDC00DF40FE /* Sources */ = {
			isa = PBXSourcesBuildPhase;
			buildActionMask = 2147483647;
			files = (
				06A0CEAF29071FDE00DF40FE /* Persistence.swift in Sources */,
				06A0CEA829071FDD00DF40FE /* ContentView.swift in Sources */,
				06A0CEA629071FDD00DF40FE /* notetakingApp.swift in Sources */,
				06A0CEB229071FDE00DF40FE /* notetaking.xcdatamodeld in Sources */,
			);
			runOnlyForDeploymentPostprocessing = 0;
		};
/* End PBXSourcesBuildPhase section */

/* Begin PBXVariantGroup section */
		06D228242929728C0033EABE /* Localizable.strings */ = {
			isa = PBXVariantGroup;
			children = (
				06D228232929728C0033EABE /* en */,
				06D22825292972940033EABE /* zh-Hans */,
			);
			name = Localizable.strings;
			sourceTree = "<group>";
		};
/* End PBXVariantGroup section */

/* Begin XCBuildConfiguration section */
		06A0CEB429071FDE00DF40FE /* Debug */ = {
			isa = XCBuildConfiguration;
			buildSettings = {
				ALWAYS_SEARCH_USER_PATHS = NO;
				CLANG_ANALYZER_LOCALIZABILITY_NONLOCALIZED = YES;
				CLANG_ANALYZER_NONNULL = YES;
				CLANG_ANALYZER_NUMBER_OBJECT_CONVERSION = YES_AGGRESSIVE;
				CLANG_CXX_LANGUAGE_STANDARD = "gnu++17";
				CLANG_ENABLE_MODULES = YES;
				CLANG_ENABLE_OBJC_ARC = YES;
				CLANG_ENABLE_OBJC_WEAK = YES;
				CLANG_WARN_BLOCK_CAPTURE_AUTORELEASING = YES;
				CLANG_WARN_BOOL_CONVERSION = YES;
				CLANG_WARN_COMMA = YES;
				CLANG_WARN_CONSTANT_CONVERSION = YES;
				CLANG_WARN_DEPRECATED_OBJC_IMPLEMENTATIONS = YES;
				CLANG_WARN_DIRECT_OBJC_ISA_USAGE = YES_ERROR;
				CLANG_WARN_DOCUMENTATION_COMMENTS = YES;
				CLANG_WARN_EMPTY_BODY = YES;
				CLANG_WARN_ENUM_CONVERSION = YES;
				CLANG_WARN_INFINITE_RECURSION = YES;
				CLANG_WARN_INT_CONVERSION = YES;
				CLANG_WARN_NON_LITERAL_NULL_CONVERSION = YES;
				CLANG_WARN_OBJC_IMPLICIT_RETAIN_SELF = YES;
				CLANG_WARN_OBJC_LITERAL_CONVERSION = YES;
				CLANG_WARN_OBJC_ROOT_CLASS = YES_ERROR;
				CLANG_WARN_QUOTED_INCLUDE_IN_FRAMEWORK_HEADER = YES;
				CLANG_WARN_RANGE_LOOP_ANALYSIS = YES;
				CLANG_WARN_STRICT_PROTOTYPES = YES;
				CLANG_WARN_SUSPICIOUS_MOVE = YES;
				CLANG_WARN_UNGUARDED_AVAILABILITY = YES_AGGRESSIVE;
				CLANG_WARN_UNREACHABLE_CODE = YES;
				CLANG_WARN__DUPLICATE_METHOD_MATCH = YES;
				COPY_PHASE_STRIP = NO;
				DEAD_CODE_STRIPPING = YES;
				DEBUG_INFORMATION_FORMAT = dwarf;
				ENABLE_STRICT_OBJC_MSGSEND = YES;
				ENABLE_TESTABILITY = YES;
				GCC_C_LANGUAGE_STANDARD = gnu11;
				GCC_DYNAMIC_NO_PIC = NO;
				GCC_NO_COMMON_BLOCKS = YES;
				GCC_OPTIMIZATION_LEVEL = 0;
				GCC_PREPROCESSOR_DEFINITIONS = (
					"DEBUG=1",
					"$(inherited)",
				);
				GCC_WARN_64_TO_32_BIT_CONVERSION = YES;
				GCC_WARN_ABOUT_RETURN_TYPE = YES_ERROR;
				GCC_WARN_UNDECLARED_SELECTOR = YES;
				GCC_WARN_UNINITIALIZED_AUTOS = YES_AGGRESSIVE;
				GCC_WARN_UNUSED_FUNCTION = YES;
				GCC_WARN_UNUSED_VARIABLE = YES;
				INFOPLIST_KEY_NSFileProviderDomainUsageDescription = "";
				MACOSX_DEPLOYMENT_TARGET = 12.2;
				MTL_ENABLE_DEBUG_INFO = INCLUDE_SOURCE;
				MTL_FAST_MATH = YES;
				ONLY_ACTIVE_ARCH = YES;
				SDKROOT = macosx;
				SWIFT_ACTIVE_COMPILATION_CONDITIONS = DEBUG;
				SWIFT_OPTIMIZATION_LEVEL = "-Onone";
			};
			name = Debug;
		};
		06A0CEB529071FDE00DF40FE /* Release */ = {
			isa = XCBuildConfiguration;
			buildSettings = {
				ALWAYS_SEARCH_USER_PATHS = NO;
				CLANG_ANALYZER_LOCALIZABILITY_NONLOCALIZED = YES;
				CLANG_ANALYZER_NONNULL = YES;
				CLANG_ANALYZER_NUMBER_OBJECT_CONVERSION = YES_AGGRESSIVE;
				CLANG_CXX_LANGUAGE_STANDARD = "gnu++17";
				CLANG_ENABLE_MODULES = YES;
				CLANG_ENABLE_OBJC_ARC = YES;
				CLANG_ENABLE_OBJC_WEAK = YES;
				CLANG_WARN_BLOCK_CAPTURE_AUTORELEASING = YES;
				CLANG_WARN_BOOL_CONVERSION = YES;
				CLANG_WARN_COMMA = YES;
				CLANG_WARN_CONSTANT_CONVERSION = YES;
				CLANG_WARN_DEPRECATED_OBJC_IMPLEMENTATIONS = YES;
				CLANG_WARN_DIRECT_OBJC_ISA_USAGE = YES_ERROR;
				CLANG_WARN_DOCUMENTATION_COMMENTS = YES;
				CLANG_WARN_EMPTY_BODY = YES;
				CLANG_WARN_ENUM_CONVERSION = YES;
				CLANG_WARN_INFINITE_RECURSION = YES;
				CLANG_WARN_INT_CONVERSION = YES;
				CLANG_WARN_NON_LITERAL_NULL_CONVERSION = YES;
				CLANG_WARN_OBJC_IMPLICIT_RETAIN_SELF = YES;
				CLANG_WARN_OBJC_LITERAL_CONVERSION = YES;
				CLANG_WARN_OBJC_ROOT_CLASS = YES_ERROR;
				CLANG_WARN_QUOTED_INCLUDE_IN_FRAMEWORK_HEADER = YES;
				CLANG_WARN_RANGE_LOOP_ANALYSIS = YES;
				CLANG_WARN_STRICT_PROTOTYPES = YES;
				CLANG_WARN_SUSPICIOUS_MOVE = YES;
				CLANG_WARN_UNGUARDED_AVAILABILITY = YES_AGGRESSIVE;
				CLANG_WARN_UNREACHABLE_CODE = YES;
				CLANG_WARN__DUPLICATE_METHOD_MATCH = YES;
				COPY_PHASE_STRIP = NO;
				DEAD_CODE_STRIPPING = YES;
				DEBUG_INFORMATION_FORMAT = "dwarf-with-dsym";
				ENABLE_NS_ASSERTIONS = NO;
				ENABLE_STRICT_OBJC_MSGSEND = YES;
				GCC_C_LANGUAGE_STANDARD = gnu11;
				GCC_NO_COMMON_BLOCKS = YES;
				GCC_WARN_64_TO_32_BIT_CONVERSION = YES;
				GCC_WARN_ABOUT_RETURN_TYPE = YES_ERROR;
				GCC_WARN_UNDECLARED_SELECTOR = YES;
				GCC_WARN_UNINITIALIZED_AUTOS = YES_AGGRESSIVE;
				GCC_WARN_UNUSED_FUNCTION = YES;
				GCC_WARN_UNUSED_VARIABLE = YES;
				INFOPLIST_KEY_NSFileProviderDomainUsageDescription = "";
				MACOSX_DEPLOYMENT_TARGET = 12.2;
				MTL_ENABLE_DEBUG_INFO = NO;
				MTL_FAST_MATH = YES;
				SDKROOT = macosx;
				SWIFT_COMPILATION_MODE = wholemodule;
				SWIFT_OPTIMIZATION_LEVEL = "-O";
			};
			name = Release;
		};
		06A0CEB729071FDE00DF40FE /* Debug */ = {
			isa = XCBuildConfiguration;
			buildSettings = {
				ASSETCATALOG_COMPILER_APPICON_NAME = AppIcon;
				ASSETCATALOG_COMPILER_GLOBAL_ACCENT_COLOR_NAME = AccentColor;
				CODE_SIGN_ENTITLEMENTS = notetaking/notetaking.entitlements;
				CODE_SIGN_IDENTITY = "-";
				CODE_SIGN_STYLE = Automatic;
				COMBINE_HIDPI_IMAGES = YES;
				CURRENT_PROJECT_VERSION = 1;
				DEAD_CODE_STRIPPING = YES;
				DEVELOPMENT_ASSET_PATHS = "\"notetaking/Preview Content\"";
				ENABLE_PREVIEWS = YES;
				GENERATE_INFOPLIST_FILE = YES;
				INFOPLIST_KEY_NSHumanReadableCopyright = "";
				LD_RUNPATH_SEARCH_PATHS = (
					"$(inherited)",
					"@executable_path/../Frameworks",
				);
				MARKETING_VERSION = 1.0;
				PRODUCT_BUNDLE_IDENTIFIER = com.unicornproject.notetaking;
				PRODUCT_NAME = "$(TARGET_NAME)";
				SWIFT_EMIT_LOC_STRINGS = YES;
				SWIFT_VERSION = 5.0;
			};
			name = Debug;
		};
		06A0CEB829071FDE00DF40FE /* Release */ = {
			isa = XCBuildConfiguration;
			buildSettings = {
				ASSETCATALOG_COMPILER_APPICON_NAME = AppIcon;
				ASSETCATALOG_COMPILER_GLOBAL_ACCENT_COLOR_NAME = AccentColor;
				CODE_SIGN_ENTITLEMENTS = notetaking/notetaking.entitlements;
				CODE_SIGN_IDENTITY = "-";
				CODE_SIGN_STYLE = Automatic;
				COMBINE_HIDPI_IMAGES = YES;
				CURRENT_PROJECT_VERSION = 1;
				DEAD_CODE_STRIPPING = YES;
				DEVELOPMENT_ASSET_PATHS = "\"notetaking/Preview Content\"";
				ENABLE_PREVIEWS = YES;
				GENERATE_INFOPLIST_FILE = YES;
				INFOPLIST_KEY_NSHumanReadableCopyright = "";
				LD_RUNPATH_SEARCH_PATHS = (
					"$(inherited)",
					"@executable_path/../Frameworks",
				);
				MARKETING_VERSION = 1.0;
				PRODUCT_BUNDLE_IDENTIFIER = com.unicornproject.notetaking;
				PRODUCT_NAME = "$(TARGET_NAME)";
				SWIFT_EMIT_LOC_STRINGS = YES;
				SWIFT_VERSION = 5.0;
			};
			name = Release;
		};
/* End XCBuildConfiguration section */

/* Begin XCConfigurationList section */
		06A0CE9D29071FDC00DF40FE /* Build configuration list for PBXProject "notetaking" */ = {
			isa = XCConfigurationList;
			buildConfigurations = (
				06A0CEB429071FDE00DF40FE /* Debug */,
				06A0CEB529071FDE00DF40FE /* Release */,
			);
			defaultConfigurationIsVisible = 0;
			defaultConfigurationName = Release;
		};
		06A0CEB629071FDE00DF40FE /* Build configuration list for PBXNativeTarget "notetaking" */ = {
			isa = XCConfigurationList;
			buildConfigurations = (
				06A0CEB729071FDE00DF40FE /* Debug */,
				06A0CEB829071FDE00DF40FE /* Release */,
			);
			defaultConfigurationIsVisible = 0;
			defaultConfigurationName = Release;
		};
/* End XCConfigurationList section */

/* Begin XCVersionGroup section */
		06A0CEB029071FDE00DF40FE /* notetaking.xcdatamodeld */ = {
			isa = XCVersionGroup;
			children = (
				06A0CEB129071FDE00DF40FE /* notetaking.xcdatamodel */,
			);
			currentVersion = 06A0CEB129071FDE00DF40FE /* notetaking.xcdatamodel */;
			path = notetaking.xcdatamodeld;
			sourceTree = "<group>";
			versionGroupType = wrapper.xcdatamodel;
		};
/* End XCVersionGroup section */
	};
	rootObject = 06A0CE9A29071FDC00DF40FE /* Project object */;
}
